
Microsoft Visual Studio Solution File, Format Version 12.00
# Visual Studio 15
VisualStudioVersion = 15.0.28010.2036
MinimumVisualStudioVersion = 10.0.40219.1
Project("{9A19103F-16F7-4668-BE54-9A1E7A4F7556}") = "Socomap", "App\Socomap.csproj", "{02AED990-25E9-4B2C-B11A-0874862E51CA}"
EndProject
Project("{9A19103F-16F7-4668-BE54-9A1E7A4F7556}") = "SocomapTest", "Test\SocomapTest.csproj", "{DF5A7EA5-1E4C-4ED6-BD3D-5891D18BC6F9}"
EndProject
Project("{9A19103F-16F7-4668-BE54-9A1E7A4F7556}") = "SocomapLib", "Lib\SocomapLib.csproj", "{876A6E68-2062-45A6-B350-5755E910B8FF}"
EndProject
Global
	GlobalSection(SolutionConfigurationPlatforms) = preSolution
		Debug|Any CPU = Debug|Any CPU
		Release|Any CPU = Release|Any CPU
	EndGlobalSection
	GlobalSection(ProjectConfigurationPlatforms) = postSolution
		{02AED990-25E9-4B2C-B11A-0874862E51CA}.Debug|Any CPU.ActiveCfg = Debug|Any CPU
		{02AED990-25E9-4B2C-B11A-0874862E51CA}.Debug|Any CPU.Build.0 = Debug|Any CPU
		{02AED990-25E9-4B2C-B11A-0874862E51CA}.Release|Any CPU.ActiveCfg = Release|Any CPU
		{02AED990-25E9-4B2C-B11A-0874862E51CA}.Release|Any CPU.Build.0 = Release|Any CPU
		{DF5A7EA5-1E4C-4ED6-BD3D-5891D18BC6F9}.Debug|Any CPU.ActiveCfg = Debug|Any CPU
		{DF5A7EA5-1E4C-4ED6-BD3D-5891D18BC6F9}.Debug|Any CPU.Build.0 = Debug|Any CPU
		{DF5A7EA5-1E4C-4ED6-BD3D-5891D18BC6F9}.Release|Any CPU.ActiveCfg = Release|Any CPU
		{DF5A7EA5-1E4C-4ED6-BD3D-5891D18BC6F9}.Release|Any CPU.Build.0 = Release|Any CPU
		{876A6E68-2062-45A6-B350-5755E910B8FF}.Debug|Any CPU.ActiveCfg = Debug|Any CPU
		{876A6E68-2062-45A6-B350-5755E910B8FF}.Debug|Any CPU.Build.0 = Debug|Any CPU
		{876A6E68-2062-45A6-B350-5755E910B8FF}.Release|Any CPU.ActiveCfg = Release|Any CPU
		{876A6E68-2062-45A6-B350-5755E910B8FF}.Release|Any CPU.Build.0 = Release|Any CPU
	EndGlobalSection
	GlobalSection(SolutionProperties) = preSolution
		HideSolutionNode = FALSE
	EndGlobalSection
	GlobalSection(ExtensibilityGlobals) = postSolution
		SolutionGuid = {652E569F-CAE2-4ED8-8325-80A45513C1FD}
	EndGlobalSection
EndGlobal
